dependencies:
- name: minio
  repository: oci://registry-1.docker.io/bitnamicharts
  version: 12.6.12
- name: argo-workflows
  repository: https://argoproj.github.io/argo-helm
  version: 0.32.1
digest: sha256:da0f68911f76c025d50f6a72a3c1a704f17bca0439ac283c9700e848b2d42af9
generated: "2023-08-10T14:44:59.596810408+02:00"
